
Microsoft Visual Studio Solution File, Format Version 12.00
# Visual Studio 15
VisualStudioVersion = 15.0.27130.2036
MinimumVisualStudioVersion = 10.0.40219.1
Project("{FAE04EC0-301F-11D3-BF4B-00C04F79EFBC}") = "PokemonUi", "PokemonUi\PokemonUi.csproj", "{23DD7A6C-44AB-432C-9800-B71C401D0CEB}"
EndProject
Project("{FAE04EC0-301F-11D3-BF4B-00C04F79EFBC}") = "BMICalculate", "BMICalculate\BMICalculate.csproj", "{07B1ADB4-2046-4F02-B39C-7BDD7868C912}"
EndProject
Project("{FAE04EC0-301F-11D3-BF4B-00C04F79EFBC}") = "0504Example02", "0504Example02\0504Example02.csproj", "{389C57C5-96D8-42F4-ABE0-419A45EBE24B}"
EndProject
Project("{FAE04EC0-301F-11D3-BF4B-00C04F79EFBC}") = "0504Example03", "0504Example03\0504Example03.csproj", "{E151E846-6414-4B3E-AA82-1431583BE3D4}"
EndProject
Project("{FAE04EC0-301F-11D3-BF4B-00C04F79EFBC}") = "0504Example01", "0504Example01\0504Example01.csproj", "{A68D4492-542F-45B0-9534-D05C08C1E346}"
EndProject
Global
	GlobalSection(SolutionConfigurationPlatforms) = preSolution
		Debug|Any CPU = Debug|Any CPU
		Release|Any CPU = Release|Any CPU
	EndGlobalSection
	GlobalSection(ProjectConfigurationPlatforms) = postSolution
		{23DD7A6C-44AB-432C-9800-B71C401D0CEB}.Debug|Any CPU.ActiveCfg = Debug|Any CPU
		{23DD7A6C-44AB-432C-9800-B71C401D0CEB}.Debug|Any CPU.Build.0 = Debug|Any CPU
		{23DD7A6C-44AB-432C-9800-B71C401D0CEB}.Release|Any CPU.ActiveCfg = Release|Any CPU
		{23DD7A6C-44AB-432C-9800-B71C401D0CEB}.Release|Any CPU.Build.0 = Release|Any CPU
		{07B1ADB4-2046-4F02-B39C-7BDD7868C912}.Debug|Any CPU.ActiveCfg = Debug|Any CPU
		{07B1ADB4-2046-4F02-B39C-7BDD7868C912}.Debug|Any CPU.Build.0 = Debug|Any CPU
		{07B1ADB4-2046-4F02-B39C-7BDD7868C912}.Release|Any CPU.ActiveCfg = Release|Any CPU
		{07B1ADB4-2046-4F02-B39C-7BDD7868C912}.Release|Any CPU.Build.0 = Release|Any CPU
		{389C57C5-96D8-42F4-ABE0-419A45EBE24B}.Debug|Any CPU.ActiveCfg = Debug|Any CPU
		{389C57C5-96D8-42F4-ABE0-419A45EBE24B}.Debug|Any CPU.Build.0 = Debug|Any CPU
		{389C57C5-96D8-42F4-ABE0-419A45EBE24B}.Release|Any CPU.ActiveCfg = Release|Any CPU
		{389C57C5-96D8-42F4-ABE0-419A45EBE24B}.Release|Any CPU.Build.0 = Release|Any CPU
		{E151E846-6414-4B3E-AA82-1431583BE3D4}.Debug|Any CPU.ActiveCfg = Debug|Any CPU
		{E151E846-6414-4B3E-AA82-1431583BE3D4}.Debug|Any CPU.Build.0 = Debug|Any CPU
		{E151E846-6414-4B3E-AA82-1431583BE3D4}.Release|Any CPU.ActiveCfg = Release|Any CPU
		{E151E846-6414-4B3E-AA82-1431583BE3D4}.Release|Any CPU.Build.0 = Release|Any CPU
		{A68D4492-542F-45B0-9534-D05C08C1E346}.Debug|Any CPU.ActiveCfg = Debug|Any CPU
		{A68D4492-542F-45B0-9534-D05C08C1E346}.Debug|Any CPU.Build.0 = Debug|Any CPU
		{A68D4492-542F-45B0-9534-D05C08C1E346}.Release|Any CPU.ActiveCfg = Release|Any CPU
		{A68D4492-542F-45B0-9534-D05C08C1E346}.Release|Any CPU.Build.0 = Release|Any CPU
	EndGlobalSection
	GlobalSection(SolutionProperties) = preSolution
		HideSolutionNode = FALSE
	EndGlobalSection
	GlobalSection(ExtensibilityGlobals) = postSolution
		SolutionGuid = {29D30AAC-5119-4486-AD0F-9103A02164BE}
	EndGlobalSection
EndGlobal
