
Microsoft Visual Studio Solution File, Format Version 12.00
# Visual Studio 15
VisualStudioVersion = 15.0.27130.2036
MinimumVisualStudioVersion = 10.0.40219.1
Project("{FAE04EC0-301F-11D3-BF4B-00C04F79EFBC}") = "PokemonUi", "PokemonUi\PokemonUi.csproj", "{23DD7A6C-44AB-432C-9800-B71C401D0CEB}"
EndProject
Project("{FAE04EC0-301F-11D3-BF4B-00C04F79EFBC}") = "BMICalculate", "BMICalculate\BMICalculate.csproj", "{07B1ADB4-2046-4F02-B39C-7BDD7868C912}"
EndProject
Project("{FAE04EC0-301F-11D3-BF4B-00C04F79EFBC}") = "0504Example02", "0504Example02\0504Example02.csproj", "{389C57C5-96D8-42F4-ABE0-419A45EBE24B}"
EndProject
Project("{FAE04EC0-301F-11D3-BF4B-00C04F79EFBC}") = "0504Example01", "0504Example01\0504Example01.csproj", "{A68D4492-542F-45B0-9534-D05C08C1E346}"
EndProject
Project("{FAE04EC0-301F-11D3-BF4B-00C04F79EFBC}") = "MailCheck", "MailCheck\MailCheck.csproj", "{2B459548-E7A7-4FCB-AC35-B3C32203854D}"
EndProject
Project("{FAE04EC0-301F-11D3-BF4B-00C04F79EFBC}") = "CubeCalc", "CubeCalc\CubeCalc.csproj", "{42A1EFAE-5BD8-4785-BD8C-F90C346B1907}"
EndProject
Project("{FAE04EC0-301F-11D3-BF4B-00C04F79EFBC}") = "WebApplication1", "WebApplication1\WebApplication1.csproj", "{F66EADAE-844A-475B-9A83-62B0A52BD45A}"
EndProject
Project("{FAE04EC0-301F-11D3-BF4B-00C04F79EFBC}") = "RandomGen", "RandomGen\RandomGen.csproj", "{1060BAA6-DBC9-4510-8C29-D3865E9ED246}"
EndProject
Project("{FAE04EC0-301F-11D3-BF4B-00C04F79EFBC}") = "Studio", "Studio\Studio.csproj", "{25E9A01E-B39A-400E-A128-F307A9797466}"
EndProject
Project("{FAE04EC0-301F-11D3-BF4B-00C04F79EFBC}") = "TestApplication(Console)", "TestApplication(Console)\TestApplication(Console).csproj", "{677ACF1F-6476-4DCC-8471-761661F89542}"
EndProject
Global
	GlobalSection(SolutionConfigurationPlatforms) = preSolution
		Debug|Any CPU = Debug|Any CPU
		Release|Any CPU = Release|Any CPU
	EndGlobalSection
	GlobalSection(ProjectConfigurationPlatforms) = postSolution
		{23DD7A6C-44AB-432C-9800-B71C401D0CEB}.Debug|Any CPU.ActiveCfg = Debug|Any CPU
		{23DD7A6C-44AB-432C-9800-B71C401D0CEB}.Debug|Any CPU.Build.0 = Debug|Any CPU
		{23DD7A6C-44AB-432C-9800-B71C401D0CEB}.Release|Any CPU.ActiveCfg = Release|Any CPU
		{23DD7A6C-44AB-432C-9800-B71C401D0CEB}.Release|Any CPU.Build.0 = Release|Any CPU
		{07B1ADB4-2046-4F02-B39C-7BDD7868C912}.Debug|Any CPU.ActiveCfg = Debug|Any CPU
		{07B1ADB4-2046-4F02-B39C-7BDD7868C912}.Debug|Any CPU.Build.0 = Debug|Any CPU
		{07B1ADB4-2046-4F02-B39C-7BDD7868C912}.Release|Any CPU.ActiveCfg = Release|Any CPU
		{07B1ADB4-2046-4F02-B39C-7BDD7868C912}.Release|Any CPU.Build.0 = Release|Any CPU
		{389C57C5-96D8-42F4-ABE0-419A45EBE24B}.Debug|Any CPU.ActiveCfg = Debug|Any CPU
		{389C57C5-96D8-42F4-ABE0-419A45EBE24B}.Debug|Any CPU.Build.0 = Debug|Any CPU
		{389C57C5-96D8-42F4-ABE0-419A45EBE24B}.Release|Any CPU.ActiveCfg = Release|Any CPU
		{389C57C5-96D8-42F4-ABE0-419A45EBE24B}.Release|Any CPU.Build.0 = Release|Any CPU
		{A68D4492-542F-45B0-9534-D05C08C1E346}.Debug|Any CPU.ActiveCfg = Debug|Any CPU
		{A68D4492-542F-45B0-9534-D05C08C1E346}.Debug|Any CPU.Build.0 = Debug|Any CPU
		{A68D4492-542F-45B0-9534-D05C08C1E346}.Release|Any CPU.ActiveCfg = Release|Any CPU
		{A68D4492-542F-45B0-9534-D05C08C1E346}.Release|Any CPU.Build.0 = Release|Any CPU
		{2B459548-E7A7-4FCB-AC35-B3C32203854D}.Debug|Any CPU.ActiveCfg = Debug|Any CPU
		{2B459548-E7A7-4FCB-AC35-B3C32203854D}.Debug|Any CPU.Build.0 = Debug|Any CPU
		{2B459548-E7A7-4FCB-AC35-B3C32203854D}.Release|Any CPU.ActiveCfg = Release|Any CPU
		{2B459548-E7A7-4FCB-AC35-B3C32203854D}.Release|Any CPU.Build.0 = Release|Any CPU
		{42A1EFAE-5BD8-4785-BD8C-F90C346B1907}.Debug|Any CPU.ActiveCfg = Debug|Any CPU
		{42A1EFAE-5BD8-4785-BD8C-F90C346B1907}.Debug|Any CPU.Build.0 = Debug|Any CPU
		{42A1EFAE-5BD8-4785-BD8C-F90C346B1907}.Release|Any CPU.ActiveCfg = Release|Any CPU
		{42A1EFAE-5BD8-4785-BD8C-F90C346B1907}.Release|Any CPU.Build.0 = Release|Any CPU
		{F66EADAE-844A-475B-9A83-62B0A52BD45A}.Debug|Any CPU.ActiveCfg = Debug|Any CPU
		{F66EADAE-844A-475B-9A83-62B0A52BD45A}.Debug|Any CPU.Build.0 = Debug|Any CPU
		{F66EADAE-844A-475B-9A83-62B0A52BD45A}.Release|Any CPU.ActiveCfg = Release|Any CPU
		{F66EADAE-844A-475B-9A83-62B0A52BD45A}.Release|Any CPU.Build.0 = Release|Any CPU
		{1060BAA6-DBC9-4510-8C29-D3865E9ED246}.Debug|Any CPU.ActiveCfg = Debug|Any CPU
		{1060BAA6-DBC9-4510-8C29-D3865E9ED246}.Debug|Any CPU.Build.0 = Debug|Any CPU
		{1060BAA6-DBC9-4510-8C29-D3865E9ED246}.Release|Any CPU.ActiveCfg = Release|Any CPU
		{1060BAA6-DBC9-4510-8C29-D3865E9ED246}.Release|Any CPU.Build.0 = Release|Any CPU
		{25E9A01E-B39A-400E-A128-F307A9797466}.Debug|Any CPU.ActiveCfg = Debug|Any CPU
		{25E9A01E-B39A-400E-A128-F307A9797466}.Debug|Any CPU.Build.0 = Debug|Any CPU
		{25E9A01E-B39A-400E-A128-F307A9797466}.Release|Any CPU.ActiveCfg = Release|Any CPU
		{25E9A01E-B39A-400E-A128-F307A9797466}.Release|Any CPU.Build.0 = Release|Any CPU
		{677ACF1F-6476-4DCC-8471-761661F89542}.Debug|Any CPU.ActiveCfg = Debug|Any CPU
		{677ACF1F-6476-4DCC-8471-761661F89542}.Debug|Any CPU.Build.0 = Debug|Any CPU
		{677ACF1F-6476-4DCC-8471-761661F89542}.Release|Any CPU.ActiveCfg = Release|Any CPU
		{677ACF1F-6476-4DCC-8471-761661F89542}.Release|Any CPU.Build.0 = Release|Any CPU
	EndGlobalSection
	GlobalSection(SolutionProperties) = preSolution
		HideSolutionNode = FALSE
	EndGlobalSection
	GlobalSection(ExtensibilityGlobals) = postSolution
		SolutionGuid = {29D30AAC-5119-4486-AD0F-9103A02164BE}
	EndGlobalSection
EndGlobal
